
Microsoft Visual Studio Solution File, Format Version 12.00
# Visual Studio Version 16
VisualStudioVersion = 16.0.31507.150
MinimumVisualStudioVersion = 10.0.40219.1
Project("{FAE04EC0-301F-11D3-BF4B-00C04F79EFBC}") = "Microsoft.Teams.Apps.FAQPlusPlus.Configuration", "Microsoft.Teams.Apps.FAQPlusPlus.Configuration\Microsoft.Teams.Apps.FAQPlusPlus.Configuration.csproj", "{FB347EC9-3571-43D2-9D54-3C14EA9E47BF}"
EndProject
Project("{9A19103F-16F7-4668-BE54-9A1E7A4F7556}") = "Microsoft.Teams.Apps.FAQPlusPlus", "Microsoft.Teams.Apps.FAQPlusPlus\Microsoft.Teams.Apps.FAQPlusPlus.csproj", "{055149A6-01FF-4C2A-8CD5-DD0061A28CD8}"
EndProject
Project("{9A19103F-16F7-4668-BE54-9A1E7A4F7556}") = "Microsoft.Teams.Apps.FAQPlusPlus.Common", "Microsoft.Teams.Apps.FAQPlusPlus.Common\Microsoft.Teams.Apps.FAQPlusPlus.Common.csproj", "{868E7490-FD9A-44A6-8BC0-939C130BBC5B}"
EndProject
Project("{9A19103F-16F7-4668-BE54-9A1E7A4F7556}") = "Microsoft.Teams.Apps.FAQPlusPlus.AzureFunction", "Microsoft.Teams.Apps.FAQPlusPlus.AzureFunction\Microsoft.Teams.Apps.FAQPlusPlus.AzureFunction.csproj", "{E678D0B0-C907-4A11-8AD9-94BD8C63F002}"
EndProject
Project("{FAE04EC0-301F-11D3-BF4B-00C04F79EFBC}") = "Microsoft.Teams.Apps.FAQPlusPlus.ImportKb", "Microsoft.Teams.Apps.FAQPlusPlus.ImportKb\Microsoft.Teams.Apps.FAQPlusPlus.ImportKb.csproj", "{72AB27F6-B088-4A41-BCAD-A7821374A12C}"
EndProject
Project("{2150E333-8FDC-42A3-9474-1A3956D46DE8}") = "Solution Items", "Solution Items", "{1EA7A742-24DF-4CBB-946A-5EF4A6A3E185}"
	ProjectSection(SolutionItems) = preProject
		.editorconfig = .editorconfig
	EndProjectSection
EndProject
Global
	GlobalSection(SolutionConfigurationPlatforms) = preSolution
		Debug|Any CPU = Debug|Any CPU
		Release|Any CPU = Release|Any CPU
	EndGlobalSection
	GlobalSection(ProjectConfigurationPlatforms) = postSolution
		{FB347EC9-3571-43D2-9D54-3C14EA9E47BF}.Debug|Any CPU.ActiveCfg = Debug|Any CPU
		{FB347EC9-3571-43D2-9D54-3C14EA9E47BF}.Debug|Any CPU.Build.0 = Debug|Any CPU
		{FB347EC9-3571-43D2-9D54-3C14EA9E47BF}.Release|Any CPU.ActiveCfg = Release|Any CPU
		{FB347EC9-3571-43D2-9D54-3C14EA9E47BF}.Release|Any CPU.Build.0 = Release|Any CPU
		{055149A6-01FF-4C2A-8CD5-DD0061A28CD8}.Debug|Any CPU.ActiveCfg = Debug|Any CPU
		{055149A6-01FF-4C2A-8CD5-DD0061A28CD8}.Debug|Any CPU.Build.0 = Debug|Any CPU
		{055149A6-01FF-4C2A-8CD5-DD0061A28CD8}.Release|Any CPU.ActiveCfg = Release|Any CPU
		{055149A6-01FF-4C2A-8CD5-DD0061A28CD8}.Release|Any CPU.Build.0 = Release|Any CPU
		{868E7490-FD9A-44A6-8BC0-939C130BBC5B}.Debug|Any CPU.ActiveCfg = Debug|Any CPU
		{868E7490-FD9A-44A6-8BC0-939C130BBC5B}.Debug|Any CPU.Build.0 = Debug|Any CPU
		{868E7490-FD9A-44A6-8BC0-939C130BBC5B}.Release|Any CPU.ActiveCfg = Release|Any CPU
		{868E7490-FD9A-44A6-8BC0-939C130BBC5B}.Release|Any CPU.Build.0 = Release|Any CPU
		{E678D0B0-C907-4A11-8AD9-94BD8C63F002}.Debug|Any CPU.ActiveCfg = Debug|Any CPU
		{E678D0B0-C907-4A11-8AD9-94BD8C63F002}.Debug|Any CPU.Build.0 = Debug|Any CPU
		{E678D0B0-C907-4A11-8AD9-94BD8C63F002}.Release|Any CPU.ActiveCfg = Release|Any CPU
		{E678D0B0-C907-4A11-8AD9-94BD8C63F002}.Release|Any CPU.Build.0 = Release|Any CPU
		{72AB27F6-B088-4A41-BCAD-A7821374A12C}.Debug|Any CPU.ActiveCfg = Debug|Any CPU
		{72AB27F6-B088-4A41-BCAD-A7821374A12C}.Release|Any CPU.ActiveCfg = Release|Any CPU
		{72AB27F6-B088-4A41-BCAD-A7821374A12C}.Release|Any CPU.Build.0 = Release|Any CPU
	EndGlobalSection
	GlobalSection(SolutionProperties) = preSolution
		HideSolutionNode = FALSE
	EndGlobalSection
	GlobalSection(ExtensibilityGlobals) = postSolution
		SolutionGuid = {AE9A5450-534B-4417-9BE8-EE0C95657BD0}
	EndGlobalSection
EndGlobal
